
Microsoft Visual Studio Solution File, Format Version 12.00
# Visual Studio Version 17
VisualStudioVersion = 17.5.002.0
MinimumVisualStudioVersion = 10.0.40219.1
Project("{2150E333-8FDC-42A3-9474-1A3956D46DE8}") = "src", "src", "{6929389B-BA54-4FDD-A844-73D9E6632598}"
EndProject
Project("{9A19103F-16F7-4668-BE54-9A1E7A4F7556}") = "Common", "src\Common\Common.csproj", "{8995062E-C3CE-47A0-B741-C69FC0B7C2C0}"
EndProject
Global
	GlobalSection(SolutionConfigurationPlatforms) = preSolution
		Debug|Any CPU = Debug|Any CPU
		Release|Any CPU = Release|Any CPU
	EndGlobalSection
	GlobalSection(ProjectConfigurationPlatforms) = postSolution
		{8995062E-C3CE-47A0-B741-C69FC0B7C2C0}.Debug|Any CPU.ActiveCfg = Debug|Any CPU
		{8995062E-C3CE-47A0-B741-C69FC0B7C2C0}.Debug|Any CPU.Build.0 = Debug|Any CPU
		{8995062E-C3CE-47A0-B741-C69FC0B7C2C0}.Release|Any CPU.ActiveCfg = Release|Any CPU
		{8995062E-C3CE-47A0-B741-C69FC0B7C2C0}.Release|Any CPU.Build.0 = Release|Any CPU
	EndGlobalSection
	GlobalSection(SolutionProperties) = preSolution
		HideSolutionNode = FALSE
	EndGlobalSection
	GlobalSection(NestedProjects) = preSolution
		{8995062E-C3CE-47A0-B741-C69FC0B7C2C0} = {6929389B-BA54-4FDD-A844-73D9E6632598}
	EndGlobalSection
	GlobalSection(ExtensibilityGlobals) = postSolution
		SolutionGuid = {4AE6BF4C-B92C-456A-9761-D950FF1CA922}
	EndGlobalSection
EndGlobal
